
Microsoft Visual Studio Solution File, Format Version 12.00
# Visual Studio Version 17
VisualStudioVersion = 17.9.34616.47
MinimumVisualStudioVersion = 10.0.40219.1
Project("{9A19103F-16F7-4668-BE54-9A1E7A4F7556}") = "MovieApp.Web", "MovieApp.Web\MovieApp.Web.csproj", "{58C08770-DB2B-4EBF-B3FE-DC97C6B46663}"
EndProject
Project("{FAE04EC0-301F-11D3-BF4B-00C04F79EFBC}") = "LinqSamples", "LinqSamples\LinqSamples.csproj", "{7C76D6AB-594C-43F7-8661-43F87DD2D780}"
EndProject
Global
	GlobalSection(SolutionConfigurationPlatforms) = preSolution
		Debug|Any CPU = Debug|Any CPU
		Release|Any CPU = Release|Any CPU
	EndGlobalSection
	GlobalSection(ProjectConfigurationPlatforms) = postSolution
		{58C08770-DB2B-4EBF-B3FE-DC97C6B46663}.Debug|Any CPU.ActiveCfg = Debug|Any CPU
		{58C08770-DB2B-4EBF-B3FE-DC97C6B46663}.Debug|Any CPU.Build.0 = Debug|Any CPU
		{58C08770-DB2B-4EBF-B3FE-DC97C6B46663}.Release|Any CPU.ActiveCfg = Release|Any CPU
		{58C08770-DB2B-4EBF-B3FE-DC97C6B46663}.Release|Any CPU.Build.0 = Release|Any CPU
		{7C76D6AB-594C-43F7-8661-43F87DD2D780}.Debug|Any CPU.ActiveCfg = Debug|Any CPU
		{7C76D6AB-594C-43F7-8661-43F87DD2D780}.Debug|Any CPU.Build.0 = Debug|Any CPU
		{7C76D6AB-594C-43F7-8661-43F87DD2D780}.Release|Any CPU.ActiveCfg = Release|Any CPU
		{7C76D6AB-594C-43F7-8661-43F87DD2D780}.Release|Any CPU.Build.0 = Release|Any CPU
	EndGlobalSection
	GlobalSection(SolutionProperties) = preSolution
		HideSolutionNode = FALSE
	EndGlobalSection
	GlobalSection(ExtensibilityGlobals) = postSolution
		SolutionGuid = {A0920C1E-7522-449B-95DE-A656CFB11D46}
	EndGlobalSection
EndGlobal
